
Microsoft Visual Studio Solution File, Format Version 12.00
# Visual Studio Version 16
VisualStudioVersion = 16.0.30611.23
MinimumVisualStudioVersion = 10.0.40219.1
Project("{9A19103F-16F7-4668-BE54-9A1E7A4F7556}") = "PatientWebApplication", "PatientWebApplication\PatientWebApplication.csproj", "{27BC9246-F2A7-4FD2-9D7E-E0F8AF701FD8}"
EndProject
Project("{9A19103F-16F7-4668-BE54-9A1E7A4F7556}") = "HealthClinic.CL", "HealthClinic.DAL\HealthClinic.CL.csproj", "{412CECAB-B4BC-4755-A5DD-D630FFBD0264}"
EndProject
Project("{9A19103F-16F7-4668-BE54-9A1E7A4F7556}") = "PatientWebApplicationTests", "PatientWebApplicationTests\PatientWebApplicationTests.csproj", "{C222DD74-E9CE-4CC1-85CD-79C11CF68D64}"
EndProject
Project("{9A19103F-16F7-4668-BE54-9A1E7A4F7556}") = "PatientWebApplicationIntegrationTests", "PatientWebApplicationIntegrationTests\PatientWebApplicationIntegrationTests.csproj", "{3BD842B8-0651-4F8E-A2C3-40A35DD239E2}"
EndProject
Project("{9A19103F-16F7-4668-BE54-9A1E7A4F7556}") = "UserMicroservice", "UserMicroservice\UserMicroservice.csproj", "{4D6CAED8-527A-456F-871E-4053AD6AC5F7}"
EndProject
Project("{9A19103F-16F7-4668-BE54-9A1E7A4F7556}") = "AppointmentMicroservice", "AppointmentMicroservice\AppointmentMicroservice.csproj", "{3680FFB5-B1F9-4261-B841-816174D5DA40}"
EndProject
Project("{FAE04EC0-301F-11D3-BF4B-00C04F79EFBC}") = "FeedbackMicroservice", "FeedbackMicroservice\FeedbackMicroservice.csproj", "{5228368B-2517-410F-ACD8-F485D5494674}"
EndProject
Global
	GlobalSection(SolutionConfigurationPlatforms) = preSolution
		Debug|Any CPU = Debug|Any CPU
		Release|Any CPU = Release|Any CPU
	EndGlobalSection
	GlobalSection(ProjectConfigurationPlatforms) = postSolution
		{27BC9246-F2A7-4FD2-9D7E-E0F8AF701FD8}.Debug|Any CPU.ActiveCfg = Debug|Any CPU
		{27BC9246-F2A7-4FD2-9D7E-E0F8AF701FD8}.Debug|Any CPU.Build.0 = Debug|Any CPU
		{27BC9246-F2A7-4FD2-9D7E-E0F8AF701FD8}.Release|Any CPU.ActiveCfg = Release|Any CPU
		{27BC9246-F2A7-4FD2-9D7E-E0F8AF701FD8}.Release|Any CPU.Build.0 = Release|Any CPU
		{412CECAB-B4BC-4755-A5DD-D630FFBD0264}.Debug|Any CPU.ActiveCfg = Debug|Any CPU
		{412CECAB-B4BC-4755-A5DD-D630FFBD0264}.Debug|Any CPU.Build.0 = Debug|Any CPU
		{412CECAB-B4BC-4755-A5DD-D630FFBD0264}.Release|Any CPU.ActiveCfg = Release|Any CPU
		{412CECAB-B4BC-4755-A5DD-D630FFBD0264}.Release|Any CPU.Build.0 = Release|Any CPU
		{C222DD74-E9CE-4CC1-85CD-79C11CF68D64}.Debug|Any CPU.ActiveCfg = Debug|Any CPU
		{C222DD74-E9CE-4CC1-85CD-79C11CF68D64}.Debug|Any CPU.Build.0 = Debug|Any CPU
		{C222DD74-E9CE-4CC1-85CD-79C11CF68D64}.Release|Any CPU.ActiveCfg = Release|Any CPU
		{C222DD74-E9CE-4CC1-85CD-79C11CF68D64}.Release|Any CPU.Build.0 = Release|Any CPU
		{3BD842B8-0651-4F8E-A2C3-40A35DD239E2}.Debug|Any CPU.ActiveCfg = Debug|Any CPU
		{3BD842B8-0651-4F8E-A2C3-40A35DD239E2}.Debug|Any CPU.Build.0 = Debug|Any CPU
		{3BD842B8-0651-4F8E-A2C3-40A35DD239E2}.Release|Any CPU.ActiveCfg = Release|Any CPU
		{3BD842B8-0651-4F8E-A2C3-40A35DD239E2}.Release|Any CPU.Build.0 = Release|Any CPU
		{4D6CAED8-527A-456F-871E-4053AD6AC5F7}.Debug|Any CPU.ActiveCfg = Debug|Any CPU
		{4D6CAED8-527A-456F-871E-4053AD6AC5F7}.Debug|Any CPU.Build.0 = Debug|Any CPU
		{4D6CAED8-527A-456F-871E-4053AD6AC5F7}.Release|Any CPU.ActiveCfg = Release|Any CPU
		{4D6CAED8-527A-456F-871E-4053AD6AC5F7}.Release|Any CPU.Build.0 = Release|Any CPU
		{3680FFB5-B1F9-4261-B841-816174D5DA40}.Debug|Any CPU.ActiveCfg = Debug|Any CPU
		{3680FFB5-B1F9-4261-B841-816174D5DA40}.Debug|Any CPU.Build.0 = Debug|Any CPU
		{3680FFB5-B1F9-4261-B841-816174D5DA40}.Release|Any CPU.ActiveCfg = Release|Any CPU
		{3680FFB5-B1F9-4261-B841-816174D5DA40}.Release|Any CPU.Build.0 = Release|Any CPU
		{5228368B-2517-410F-ACD8-F485D5494674}.Debug|Any CPU.ActiveCfg = Debug|Any CPU
		{5228368B-2517-410F-ACD8-F485D5494674}.Debug|Any CPU.Build.0 = Debug|Any CPU
		{5228368B-2517-410F-ACD8-F485D5494674}.Release|Any CPU.ActiveCfg = Release|Any CPU
		{5228368B-2517-410F-ACD8-F485D5494674}.Release|Any CPU.Build.0 = Release|Any CPU
	EndGlobalSection
	GlobalSection(SolutionProperties) = preSolution
		HideSolutionNode = FALSE
	EndGlobalSection
	GlobalSection(ExtensibilityGlobals) = postSolution
		SolutionGuid = {AC9A72F8-0F96-4174-97A0-9FA0458C0F11}
	EndGlobalSection
EndGlobal
